
Microsoft Visual Studio Solution File, Format Version 12.00
# Visual Studio 2012
Project("{2150E333-8FDC-42A3-9474-1A3956D46DE8}") = "Tools", "Tools", "{677CEA07-8B10-43D9-832A-674768941385}"
EndProject
Project("{2150E333-8FDC-42A3-9474-1A3956D46DE8}") = "Themes", "Themes", "{EBC96201-23EC-4BF1-AEC3-EB35B73E4F1F}"
EndProject
Project("{FAE04EC0-301F-11D3-BF4B-00C04F79EFBC}") = "Nsun.Common.Themes.BlueWhite", "Nsun.Common.Themes.BlueWhite\Nsun.Common.Themes.BlueWhite.csproj", "{60A8B844-C4A1-4622-8811-3656918DFE3A}"
EndProject
Project("{2150E333-8FDC-42A3-9474-1A3956D46DE8}") = "Domains", "Domains", "{DDAD11B0-1D3B-4580-8F76-35B6E6557100}"
EndProject
Project("{FAE04EC0-301F-11D3-BF4B-00C04F79EFBC}") = "Nsun.Tools.WorkflowDesigner", "Nsun.WorkflowDesigner\Nsun.Tools.WorkflowDesigner.csproj", "{B437DF5F-20E0-4082-A92E-5C1D9C31A8E9}"
	ProjectSection(ProjectDependencies) = postProject
		{15B3E0D2-6217-493A-A690-158C497F5318} = {15B3E0D2-6217-493A-A690-158C497F5318}
	EndProjectSection
EndProject
Project("{2150E333-8FDC-42A3-9474-1A3956D46DE8}") = "Intall", "Intall", "{14FDF8E0-9D7D-4E89-93CB-69DC5A3796F7}"
EndProject
Project("{FAE04EC0-301F-11D3-BF4B-00C04F79EFBC}") = "Nsun.Framework", "Nsun.Command\Nsun.Framework.csproj", "{B492607A-0EDD-418B-9EFC-C2B3A2AB93CF}"
EndProject
Project("{2150E333-8FDC-42A3-9474-1A3956D46DE8}") = "Framework", "Framework", "{5533511B-0025-45CF-95DC-9340FF606DB3}"
EndProject
Project("{FAE04EC0-301F-11D3-BF4B-00C04F79EFBC}") = "Nsun.NSFramework", "Nsun.NSFramework\Nsun.NSFramework.csproj", "{A020CC87-5248-4E81-9A7C-020007128BF4}"
EndProject
Project("{FAE04EC0-301F-11D3-BF4B-00C04F79EFBC}") = "Nsun.NSFramework.IoC", "Nsun.NSFramework.IoC\Nsun.NSFramework.IoC.csproj", "{075D0552-D9A0-470C-A6A0-0357BF956FE3}"
EndProject
Project("{2150E333-8FDC-42A3-9474-1A3956D46DE8}") = "OpenSources", "OpenSources", "{CAEF2770-E4C8-4D5B-9F6D-A87792A95A15}"
EndProject
Project("{FAE04EC0-301F-11D3-BF4B-00C04F79EFBC}") = "WPGBrushEditor", "WPGBrushEditor\WPGBrushEditor.csproj", "{E26BC89B-3B66-4E96-8FE2-655BD10CFB1B}"
EndProject
Project("{FAE04EC0-301F-11D3-BF4B-00C04F79EFBC}") = "Nsun.Workflow.Common", "Nsun.Workflow.Common\Nsun.Workflow.Common.csproj", "{15B3E0D2-6217-493A-A690-158C497F5318}"
EndProject
Project("{FAE04EC0-301F-11D3-BF4B-00C04F79EFBC}") = "Nsun.Workflow.WPFService", "Nsun.Workflow.WPFService\Nsun.Workflow.WPFService.csproj", "{E3B48D0E-A45D-4B57-837F-73091D7AC00D}"
EndProject
Project("{FAE04EC0-301F-11D3-BF4B-00C04F79EFBC}") = "Nsun.Workflow.SQL", "Nsun.Workflow.SQL\Nsun.Workflow.SQL.csproj", "{38AB86C1-8EE5-400E-8718-0A15C8866385}"
EndProject
Project("{2150E333-8FDC-42A3-9474-1A3956D46DE8}") = "Infrastructure", "Infrastructure", "{A0E642EC-820A-4C80-A316-18A92C3446BA}"
EndProject
Project("{2150E333-8FDC-42A3-9474-1A3956D46DE8}") = "Data", "Data", "{8CA68106-0B61-4876-B31A-8A127D550945}"
EndProject
Project("{2150E333-8FDC-42A3-9474-1A3956D46DE8}") = "Data.Seedwork", "Data.Seedwork", "{5DC86BBF-AFA1-49B0-80DD-6E06326A82AA}"
EndProject
Project("{FAE04EC0-301F-11D3-BF4B-00C04F79EFBC}") = "Infrastructure.Data.Seedwork", "Infrastructure.Data.Seedwork\Infrastructure.Data.Seedwork.csproj", "{CC156CC6-36F4-44D4-B564-5DA9FACE7AD1}"
EndProject
Project("{FAE04EC0-301F-11D3-BF4B-00C04F79EFBC}") = "Nsun.Domain.Seedwork", "Nsun.Domain.Seedwork\Nsun.Domain.Seedwork.csproj", "{05186586-882F-442D-8A81-531D36F9712F}"
EndProject
Project("{2150E333-8FDC-42A3-9474-1A3956D46DE8}") = "Data.MainBoundedContext", "Data.MainBoundedContext", "{C21FCEF7-D700-42F9-AEE9-8CB87F7B0876}"
EndProject
Project("{FAE04EC0-301F-11D3-BF4B-00C04F79EFBC}") = "Infrastructure.Data.MainBoundedContext", "Infrastructure.Data.MainBoundedContext\Infrastructure.Data.MainBoundedContext.csproj", "{6CEA883A-6CA6-4661-9F68-43A92BE1DDC6}"
EndProject
Project("{FAE04EC0-301F-11D3-BF4B-00C04F79EFBC}") = "Nsun.Domain.MainBoundedContext", "Nsun.Domain.MainBoundedContext\Nsun.Domain.MainBoundedContext.csproj", "{7DD4C222-FC13-48D4-B0E8-70B357756415}"
EndProject
Project("{2150E333-8FDC-42A3-9474-1A3956D46DE8}") = "CrossCutting", "CrossCutting", "{29C78BF1-D107-43E7-925E-014564BE3B4C}"
EndProject
Project("{FAE04EC0-301F-11D3-BF4B-00C04F79EFBC}") = "Infrastructure.Crosscutting", "Infrastructure.Crosscutting\Infrastructure.Crosscutting.csproj", "{51D4C9CE-CBEF-421F-A177-CA71DFDAB41D}"
EndProject
Project("{FAE04EC0-301F-11D3-BF4B-00C04F79EFBC}") = "Nsun.Workflow.Intall", "Nsun.Workflow.Intall\Nsun.Workflow.Intall.csproj", "{876B682A-8E6A-4FFB-BC9C-DF7E6766B817}"
EndProject
Project("{FAE04EC0-301F-11D3-BF4B-00C04F79EFBC}") = "WPG", "WPG\WPG.csproj", "{022EDA6A-0B76-44C3-A530-8312C1B40030}"
EndProject
Project("{2150E333-8FDC-42A3-9474-1A3956D46DE8}") = "ViewModel", "ViewModel", "{CB3CB81A-EFA5-41DD-98FC-1A600AD479D5}"
EndProject
Project("{FAE04EC0-301F-11D3-BF4B-00C04F79EFBC}") = "Nsun.Tools.WorkflowDesignerViewModel", "Nsun.Tools.WorkflowDesignerViewModel\Nsun.Tools.WorkflowDesignerViewModel.csproj", "{EB5CB589-540E-4D8F-9B68-CC9E7D2C6CD1}"
	ProjectSection(ProjectDependencies) = postProject
		{15B3E0D2-6217-493A-A690-158C497F5318} = {15B3E0D2-6217-493A-A690-158C497F5318}
	EndProjectSection
EndProject
Project("{FAE04EC0-301F-11D3-BF4B-00C04F79EFBC}") = "Nsun.Workflow.SerContainer", "Nsun.Workflow.SerContainer\Nsun.Workflow.SerContainer.csproj", "{B5D01571-B6F1-4BD9-9558-E347D10692A6}"
	ProjectSection(ProjectDependencies) = postProject
		{15B3E0D2-6217-493A-A690-158C497F5318} = {15B3E0D2-6217-493A-A690-158C497F5318}
	EndProjectSection
EndProject
Project("{FAE04EC0-301F-11D3-BF4B-00C04F79EFBC}") = "Nsun.Workflow.Activities", "Nsun.Workflow.Core\Nsun.Workflow.Activities.csproj", "{18FA2554-EB3B-4054-AEB5-FD4D5E2E6885}"
EndProject
Project("{FAE04EC0-301F-11D3-BF4B-00C04F79EFBC}") = "Xceed.Wpf.AvalonDock", "Xceed.Wpf.AvalonDock\Xceed.Wpf.AvalonDock.csproj", "{DB81988F-E0F2-45A0-A1FD-8C37F3D35244}"
EndProject
Project("{FAE04EC0-301F-11D3-BF4B-00C04F79EFBC}") = "Xceed.Wpf.AvalonDock.Themes.Aero", "Xceed.Wpf.AvalonDock.Themes.Aero\Xceed.Wpf.AvalonDock.Themes.Aero.csproj", "{BA72CCE0-A9FB-4995-B496-7FEC5C87B85B}"
EndProject
Project("{FAE04EC0-301F-11D3-BF4B-00C04F79EFBC}") = "Xceed.Wpf.Toolkit", "Xceed.Wpf.Toolkit\Xceed.Wpf.Toolkit.csproj", "{72E591D6-8F83-4D8C-8F67-9C325E623234}"
EndProject
Project("{FAE04EC0-301F-11D3-BF4B-00C04F79EFBC}") = "Nsun.Tools.Common", "Nsun.Tools.Common\Nsun.Tools.Common.csproj", "{0C091925-7425-4FE8-83D6-D3370DB21E8D}"
EndProject
Project("{FAE04EC0-301F-11D3-BF4B-00C04F79EFBC}") = "Nsun.Tools.Logger", "Nsun.Tools.Logger\Nsun.Tools.Logger.csproj", "{11AB9EFF-D266-466D-B35C-CBF44B1379C2}"
EndProject
Project("{2150E333-8FDC-42A3-9474-1A3956D46DE8}") = "Tests", "Tests", "{65E98373-1584-4D49-8FD8-29BA326C1F31}"
EndProject
Project("{FAE04EC0-301F-11D3-BF4B-00C04F79EFBC}") = "Nsun.Workflow.Activities.Testing", "Nsun.Workflow.Activities.Testing\Nsun.Workflow.Activities.Testing.csproj", "{C5381910-8A6E-48B3-97B8-7AA917540A29}"
EndProject
Global
	GlobalSection(SolutionConfigurationPlatforms) = preSolution
		Debug|Any CPU = Debug|Any CPU
		Part1|Any CPU = Part1|Any CPU
		Release|Any CPU = Release|Any CPU
	EndGlobalSection
	GlobalSection(ProjectConfigurationPlatforms) = postSolution
		{60A8B844-C4A1-4622-8811-3656918DFE3A}.Debug|Any CPU.ActiveCfg = Debug|Any CPU
		{60A8B844-C4A1-4622-8811-3656918DFE3A}.Debug|Any CPU.Build.0 = Debug|Any CPU
		{60A8B844-C4A1-4622-8811-3656918DFE3A}.Part1|Any CPU.ActiveCfg = Release|Any CPU
		{60A8B844-C4A1-4622-8811-3656918DFE3A}.Part1|Any CPU.Build.0 = Release|Any CPU
		{60A8B844-C4A1-4622-8811-3656918DFE3A}.Release|Any CPU.ActiveCfg = Release|Any CPU
		{60A8B844-C4A1-4622-8811-3656918DFE3A}.Release|Any CPU.Build.0 = Release|Any CPU
		{B437DF5F-20E0-4082-A92E-5C1D9C31A8E9}.Debug|Any CPU.ActiveCfg = Debug|Any CPU
		{B437DF5F-20E0-4082-A92E-5C1D9C31A8E9}.Debug|Any CPU.Build.0 = Debug|Any CPU
		{B437DF5F-20E0-4082-A92E-5C1D9C31A8E9}.Part1|Any CPU.ActiveCfg = Release|Any CPU
		{B437DF5F-20E0-4082-A92E-5C1D9C31A8E9}.Part1|Any CPU.Build.0 = Release|Any CPU
		{B437DF5F-20E0-4082-A92E-5C1D9C31A8E9}.Release|Any CPU.ActiveCfg = Release|Any CPU
		{B437DF5F-20E0-4082-A92E-5C1D9C31A8E9}.Release|Any CPU.Build.0 = Release|Any CPU
		{B492607A-0EDD-418B-9EFC-C2B3A2AB93CF}.Debug|Any CPU.ActiveCfg = Debug|Any CPU
		{B492607A-0EDD-418B-9EFC-C2B3A2AB93CF}.Debug|Any CPU.Build.0 = Debug|Any CPU
		{B492607A-0EDD-418B-9EFC-C2B3A2AB93CF}.Part1|Any CPU.ActiveCfg = Release|Any CPU
		{B492607A-0EDD-418B-9EFC-C2B3A2AB93CF}.Part1|Any CPU.Build.0 = Release|Any CPU
		{B492607A-0EDD-418B-9EFC-C2B3A2AB93CF}.Release|Any CPU.ActiveCfg = Release|Any CPU
		{B492607A-0EDD-418B-9EFC-C2B3A2AB93CF}.Release|Any CPU.Build.0 = Release|Any CPU
		{A020CC87-5248-4E81-9A7C-020007128BF4}.Debug|Any CPU.ActiveCfg = Debug|Any CPU
		{A020CC87-5248-4E81-9A7C-020007128BF4}.Debug|Any CPU.Build.0 = Debug|Any CPU
		{A020CC87-5248-4E81-9A7C-020007128BF4}.Part1|Any CPU.ActiveCfg = Release|Any CPU
		{A020CC87-5248-4E81-9A7C-020007128BF4}.Part1|Any CPU.Build.0 = Release|Any CPU
		{A020CC87-5248-4E81-9A7C-020007128BF4}.Release|Any CPU.ActiveCfg = Release|Any CPU
		{A020CC87-5248-4E81-9A7C-020007128BF4}.Release|Any CPU.Build.0 = Release|Any CPU
		{075D0552-D9A0-470C-A6A0-0357BF956FE3}.Debug|Any CPU.ActiveCfg = Debug|Any CPU
		{075D0552-D9A0-470C-A6A0-0357BF956FE3}.Debug|Any CPU.Build.0 = Debug|Any CPU
		{075D0552-D9A0-470C-A6A0-0357BF956FE3}.Part1|Any CPU.ActiveCfg = Release|Any CPU
		{075D0552-D9A0-470C-A6A0-0357BF956FE3}.Part1|Any CPU.Build.0 = Release|Any CPU
		{075D0552-D9A0-470C-A6A0-0357BF956FE3}.Release|Any CPU.ActiveCfg = Release|Any CPU
		{075D0552-D9A0-470C-A6A0-0357BF956FE3}.Release|Any CPU.Build.0 = Release|Any CPU
		{E26BC89B-3B66-4E96-8FE2-655BD10CFB1B}.Debug|Any CPU.ActiveCfg = Debug|Any CPU
		{E26BC89B-3B66-4E96-8FE2-655BD10CFB1B}.Debug|Any CPU.Build.0 = Debug|Any CPU
		{E26BC89B-3B66-4E96-8FE2-655BD10CFB1B}.Part1|Any CPU.ActiveCfg = Release|Any CPU
		{E26BC89B-3B66-4E96-8FE2-655BD10CFB1B}.Part1|Any CPU.Build.0 = Release|Any CPU
		{E26BC89B-3B66-4E96-8FE2-655BD10CFB1B}.Release|Any CPU.ActiveCfg = Release|Any CPU
		{E26BC89B-3B66-4E96-8FE2-655BD10CFB1B}.Release|Any CPU.Build.0 = Release|Any CPU
		{15B3E0D2-6217-493A-A690-158C497F5318}.Debug|Any CPU.ActiveCfg = Debug|Any CPU
		{15B3E0D2-6217-493A-A690-158C497F5318}.Debug|Any CPU.Build.0 = Debug|Any CPU
		{15B3E0D2-6217-493A-A690-158C497F5318}.Part1|Any CPU.ActiveCfg = Release|Any CPU
		{15B3E0D2-6217-493A-A690-158C497F5318}.Part1|Any CPU.Build.0 = Release|Any CPU
		{15B3E0D2-6217-493A-A690-158C497F5318}.Release|Any CPU.ActiveCfg = Release|Any CPU
		{15B3E0D2-6217-493A-A690-158C497F5318}.Release|Any CPU.Build.0 = Release|Any CPU
		{E3B48D0E-A45D-4B57-837F-73091D7AC00D}.Debug|Any CPU.ActiveCfg = Debug|Any CPU
		{E3B48D0E-A45D-4B57-837F-73091D7AC00D}.Debug|Any CPU.Build.0 = Debug|Any CPU
		{E3B48D0E-A45D-4B57-837F-73091D7AC00D}.Part1|Any CPU.ActiveCfg = Release|Any CPU
		{E3B48D0E-A45D-4B57-837F-73091D7AC00D}.Part1|Any CPU.Build.0 = Release|Any CPU
		{E3B48D0E-A45D-4B57-837F-73091D7AC00D}.Release|Any CPU.ActiveCfg = Release|Any CPU
		{E3B48D0E-A45D-4B57-837F-73091D7AC00D}.Release|Any CPU.Build.0 = Release|Any CPU
		{38AB86C1-8EE5-400E-8718-0A15C8866385}.Debug|Any CPU.ActiveCfg = Debug|Any CPU
		{38AB86C1-8EE5-400E-8718-0A15C8866385}.Debug|Any CPU.Build.0 = Debug|Any CPU
		{38AB86C1-8EE5-400E-8718-0A15C8866385}.Part1|Any CPU.ActiveCfg = Release|Any CPU
		{38AB86C1-8EE5-400E-8718-0A15C8866385}.Part1|Any CPU.Build.0 = Release|Any CPU
		{38AB86C1-8EE5-400E-8718-0A15C8866385}.Release|Any CPU.ActiveCfg = Release|Any CPU
		{38AB86C1-8EE5-400E-8718-0A15C8866385}.Release|Any CPU.Build.0 = Release|Any CPU
		{CC156CC6-36F4-44D4-B564-5DA9FACE7AD1}.Debug|Any CPU.ActiveCfg = Debug|Any CPU
		{CC156CC6-36F4-44D4-B564-5DA9FACE7AD1}.Debug|Any CPU.Build.0 = Debug|Any CPU
		{CC156CC6-36F4-44D4-B564-5DA9FACE7AD1}.Part1|Any CPU.ActiveCfg = Release|Any CPU
		{CC156CC6-36F4-44D4-B564-5DA9FACE7AD1}.Part1|Any CPU.Build.0 = Release|Any CPU
		{CC156CC6-36F4-44D4-B564-5DA9FACE7AD1}.Release|Any CPU.ActiveCfg = Release|Any CPU
		{CC156CC6-36F4-44D4-B564-5DA9FACE7AD1}.Release|Any CPU.Build.0 = Release|Any CPU
		{05186586-882F-442D-8A81-531D36F9712F}.Debug|Any CPU.ActiveCfg = Debug|Any CPU
		{05186586-882F-442D-8A81-531D36F9712F}.Debug|Any CPU.Build.0 = Debug|Any CPU
		{05186586-882F-442D-8A81-531D36F9712F}.Part1|Any CPU.ActiveCfg = Release|Any CPU
		{05186586-882F-442D-8A81-531D36F9712F}.Part1|Any CPU.Build.0 = Release|Any CPU
		{05186586-882F-442D-8A81-531D36F9712F}.Release|Any CPU.ActiveCfg = Release|Any CPU
		{05186586-882F-442D-8A81-531D36F9712F}.Release|Any CPU.Build.0 = Release|Any CPU
		{6CEA883A-6CA6-4661-9F68-43A92BE1DDC6}.Debug|Any CPU.ActiveCfg = Debug|Any CPU
		{6CEA883A-6CA6-4661-9F68-43A92BE1DDC6}.Debug|Any CPU.Build.0 = Debug|Any CPU
		{6CEA883A-6CA6-4661-9F68-43A92BE1DDC6}.Part1|Any CPU.ActiveCfg = Release|Any CPU
		{6CEA883A-6CA6-4661-9F68-43A92BE1DDC6}.Part1|Any CPU.Build.0 = Release|Any CPU
		{6CEA883A-6CA6-4661-9F68-43A92BE1DDC6}.Release|Any CPU.ActiveCfg = Release|Any CPU
		{6CEA883A-6CA6-4661-9F68-43A92BE1DDC6}.Release|Any CPU.Build.0 = Release|Any CPU
		{7DD4C222-FC13-48D4-B0E8-70B357756415}.Debug|Any CPU.ActiveCfg = Debug|Any CPU
		{7DD4C222-FC13-48D4-B0E8-70B357756415}.Debug|Any CPU.Build.0 = Debug|Any CPU
		{7DD4C222-FC13-48D4-B0E8-70B357756415}.Part1|Any CPU.ActiveCfg = Release|Any CPU
		{7DD4C222-FC13-48D4-B0E8-70B357756415}.Part1|Any CPU.Build.0 = Release|Any CPU
		{7DD4C222-FC13-48D4-B0E8-70B357756415}.Release|Any CPU.ActiveCfg = Release|Any CPU
		{7DD4C222-FC13-48D4-B0E8-70B357756415}.Release|Any CPU.Build.0 = Release|Any CPU
		{51D4C9CE-CBEF-421F-A177-CA71DFDAB41D}.Debug|Any CPU.ActiveCfg = Debug|Any CPU
		{51D4C9CE-CBEF-421F-A177-CA71DFDAB41D}.Debug|Any CPU.Build.0 = Debug|Any CPU
		{51D4C9CE-CBEF-421F-A177-CA71DFDAB41D}.Part1|Any CPU.ActiveCfg = Release|Any CPU
		{51D4C9CE-CBEF-421F-A177-CA71DFDAB41D}.Part1|Any CPU.Build.0 = Release|Any CPU
		{51D4C9CE-CBEF-421F-A177-CA71DFDAB41D}.Release|Any CPU.ActiveCfg = Release|Any CPU
		{51D4C9CE-CBEF-421F-A177-CA71DFDAB41D}.Release|Any CPU.Build.0 = Release|Any CPU
		{876B682A-8E6A-4FFB-BC9C-DF7E6766B817}.Debug|Any CPU.ActiveCfg = Debug|Any CPU
		{876B682A-8E6A-4FFB-BC9C-DF7E6766B817}.Debug|Any CPU.Build.0 = Debug|Any CPU
		{876B682A-8E6A-4FFB-BC9C-DF7E6766B817}.Part1|Any CPU.ActiveCfg = Release|Any CPU
		{876B682A-8E6A-4FFB-BC9C-DF7E6766B817}.Part1|Any CPU.Build.0 = Release|Any CPU
		{876B682A-8E6A-4FFB-BC9C-DF7E6766B817}.Release|Any CPU.ActiveCfg = Release|Any CPU
		{876B682A-8E6A-4FFB-BC9C-DF7E6766B817}.Release|Any CPU.Build.0 = Release|Any CPU
		{022EDA6A-0B76-44C3-A530-8312C1B40030}.Debug|Any CPU.ActiveCfg = Debug|Any CPU
		{022EDA6A-0B76-44C3-A530-8312C1B40030}.Debug|Any CPU.Build.0 = Debug|Any CPU
		{022EDA6A-0B76-44C3-A530-8312C1B40030}.Part1|Any CPU.ActiveCfg = Part1|Any CPU
		{022EDA6A-0B76-44C3-A530-8312C1B40030}.Part1|Any CPU.Build.0 = Part1|Any CPU
		{022EDA6A-0B76-44C3-A530-8312C1B40030}.Release|Any CPU.ActiveCfg = Release|Any CPU
		{022EDA6A-0B76-44C3-A530-8312C1B40030}.Release|Any CPU.Build.0 = Release|Any CPU
		{EB5CB589-540E-4D8F-9B68-CC9E7D2C6CD1}.Debug|Any CPU.ActiveCfg = Debug|Any CPU
		{EB5CB589-540E-4D8F-9B68-CC9E7D2C6CD1}.Debug|Any CPU.Build.0 = Debug|Any CPU
		{EB5CB589-540E-4D8F-9B68-CC9E7D2C6CD1}.Part1|Any CPU.ActiveCfg = Release|Any CPU
		{EB5CB589-540E-4D8F-9B68-CC9E7D2C6CD1}.Part1|Any CPU.Build.0 = Release|Any CPU
		{EB5CB589-540E-4D8F-9B68-CC9E7D2C6CD1}.Release|Any CPU.ActiveCfg = Release|Any CPU
		{EB5CB589-540E-4D8F-9B68-CC9E7D2C6CD1}.Release|Any CPU.Build.0 = Release|Any CPU
		{B5D01571-B6F1-4BD9-9558-E347D10692A6}.Debug|Any CPU.ActiveCfg = Debug|Any CPU
		{B5D01571-B6F1-4BD9-9558-E347D10692A6}.Debug|Any CPU.Build.0 = Debug|Any CPU
		{B5D01571-B6F1-4BD9-9558-E347D10692A6}.Part1|Any CPU.ActiveCfg = Release|Any CPU
		{B5D01571-B6F1-4BD9-9558-E347D10692A6}.Part1|Any CPU.Build.0 = Release|Any CPU
		{B5D01571-B6F1-4BD9-9558-E347D10692A6}.Release|Any CPU.ActiveCfg = Release|Any CPU
		{B5D01571-B6F1-4BD9-9558-E347D10692A6}.Release|Any CPU.Build.0 = Release|Any CPU
		{18FA2554-EB3B-4054-AEB5-FD4D5E2E6885}.Debug|Any CPU.ActiveCfg = Debug|Any CPU
		{18FA2554-EB3B-4054-AEB5-FD4D5E2E6885}.Debug|Any CPU.Build.0 = Debug|Any CPU
		{18FA2554-EB3B-4054-AEB5-FD4D5E2E6885}.Part1|Any CPU.ActiveCfg = Release|Any CPU
		{18FA2554-EB3B-4054-AEB5-FD4D5E2E6885}.Part1|Any CPU.Build.0 = Release|Any CPU
		{18FA2554-EB3B-4054-AEB5-FD4D5E2E6885}.Release|Any CPU.ActiveCfg = Release|Any CPU
		{18FA2554-EB3B-4054-AEB5-FD4D5E2E6885}.Release|Any CPU.Build.0 = Release|Any CPU
		{DB81988F-E0F2-45A0-A1FD-8C37F3D35244}.Debug|Any CPU.ActiveCfg = Debug|Any CPU
		{DB81988F-E0F2-45A0-A1FD-8C37F3D35244}.Debug|Any CPU.Build.0 = Debug|Any CPU
		{DB81988F-E0F2-45A0-A1FD-8C37F3D35244}.Part1|Any CPU.ActiveCfg = Release|Any CPU
		{DB81988F-E0F2-45A0-A1FD-8C37F3D35244}.Part1|Any CPU.Build.0 = Release|Any CPU
		{DB81988F-E0F2-45A0-A1FD-8C37F3D35244}.Release|Any CPU.ActiveCfg = Release|Any CPU
		{DB81988F-E0F2-45A0-A1FD-8C37F3D35244}.Release|Any CPU.Build.0 = Release|Any CPU
		{BA72CCE0-A9FB-4995-B496-7FEC5C87B85B}.Debug|Any CPU.ActiveCfg = Debug|Any CPU
		{BA72CCE0-A9FB-4995-B496-7FEC5C87B85B}.Debug|Any CPU.Build.0 = Debug|Any CPU
		{BA72CCE0-A9FB-4995-B496-7FEC5C87B85B}.Part1|Any CPU.ActiveCfg = Release|Any CPU
		{BA72CCE0-A9FB-4995-B496-7FEC5C87B85B}.Part1|Any CPU.Build.0 = Release|Any CPU
		{BA72CCE0-A9FB-4995-B496-7FEC5C87B85B}.Release|Any CPU.ActiveCfg = Release|Any CPU
		{BA72CCE0-A9FB-4995-B496-7FEC5C87B85B}.Release|Any CPU.Build.0 = Release|Any CPU
		{72E591D6-8F83-4D8C-8F67-9C325E623234}.Debug|Any CPU.ActiveCfg = Debug|Any CPU
		{72E591D6-8F83-4D8C-8F67-9C325E623234}.Debug|Any CPU.Build.0 = Debug|Any CPU
		{72E591D6-8F83-4D8C-8F67-9C325E623234}.Part1|Any CPU.ActiveCfg = Release|Any CPU
		{72E591D6-8F83-4D8C-8F67-9C325E623234}.Part1|Any CPU.Build.0 = Release|Any CPU
		{72E591D6-8F83-4D8C-8F67-9C325E623234}.Release|Any CPU.ActiveCfg = Release|Any CPU
		{72E591D6-8F83-4D8C-8F67-9C325E623234}.Release|Any CPU.Build.0 = Release|Any CPU
		{0C091925-7425-4FE8-83D6-D3370DB21E8D}.Debug|Any CPU.ActiveCfg = Debug|Any CPU
		{0C091925-7425-4FE8-83D6-D3370DB21E8D}.Debug|Any CPU.Build.0 = Debug|Any CPU
		{0C091925-7425-4FE8-83D6-D3370DB21E8D}.Part1|Any CPU.ActiveCfg = Release|Any CPU
		{0C091925-7425-4FE8-83D6-D3370DB21E8D}.Part1|Any CPU.Build.0 = Release|Any CPU
		{0C091925-7425-4FE8-83D6-D3370DB21E8D}.Release|Any CPU.ActiveCfg = Release|Any CPU
		{0C091925-7425-4FE8-83D6-D3370DB21E8D}.Release|Any CPU.Build.0 = Release|Any CPU
		{11AB9EFF-D266-466D-B35C-CBF44B1379C2}.Debug|Any CPU.ActiveCfg = Debug|Any CPU
		{11AB9EFF-D266-466D-B35C-CBF44B1379C2}.Debug|Any CPU.Build.0 = Debug|Any CPU
		{11AB9EFF-D266-466D-B35C-CBF44B1379C2}.Part1|Any CPU.ActiveCfg = Release|Any CPU
		{11AB9EFF-D266-466D-B35C-CBF44B1379C2}.Part1|Any CPU.Build.0 = Release|Any CPU
		{11AB9EFF-D266-466D-B35C-CBF44B1379C2}.Release|Any CPU.ActiveCfg = Release|Any CPU
		{11AB9EFF-D266-466D-B35C-CBF44B1379C2}.Release|Any CPU.Build.0 = Release|Any CPU
		{C5381910-8A6E-48B3-97B8-7AA917540A29}.Debug|Any CPU.ActiveCfg = Debug|Any CPU
		{C5381910-8A6E-48B3-97B8-7AA917540A29}.Debug|Any CPU.Build.0 = Debug|Any CPU
		{C5381910-8A6E-48B3-97B8-7AA917540A29}.Part1|Any CPU.ActiveCfg = Release|Any CPU
		{C5381910-8A6E-48B3-97B8-7AA917540A29}.Part1|Any CPU.Build.0 = Release|Any CPU
		{C5381910-8A6E-48B3-97B8-7AA917540A29}.Release|Any CPU.ActiveCfg = Release|Any CPU
		{C5381910-8A6E-48B3-97B8-7AA917540A29}.Release|Any CPU.Build.0 = Release|Any CPU
	EndGlobalSection
	GlobalSection(SolutionProperties) = preSolution
		HideSolutionNode = FALSE
	EndGlobalSection
	GlobalSection(NestedProjects) = preSolution
		{B5D01571-B6F1-4BD9-9558-E347D10692A6} = {677CEA07-8B10-43D9-832A-674768941385}
		{0C091925-7425-4FE8-83D6-D3370DB21E8D} = {677CEA07-8B10-43D9-832A-674768941385}
		{11AB9EFF-D266-466D-B35C-CBF44B1379C2} = {677CEA07-8B10-43D9-832A-674768941385}
		{60A8B844-C4A1-4622-8811-3656918DFE3A} = {EBC96201-23EC-4BF1-AEC3-EB35B73E4F1F}
		{BA72CCE0-A9FB-4995-B496-7FEC5C87B85B} = {EBC96201-23EC-4BF1-AEC3-EB35B73E4F1F}
		{15B3E0D2-6217-493A-A690-158C497F5318} = {DDAD11B0-1D3B-4580-8F76-35B6E6557100}
		{38AB86C1-8EE5-400E-8718-0A15C8866385} = {DDAD11B0-1D3B-4580-8F76-35B6E6557100}
		{7DD4C222-FC13-48D4-B0E8-70B357756415} = {DDAD11B0-1D3B-4580-8F76-35B6E6557100}
		{18FA2554-EB3B-4054-AEB5-FD4D5E2E6885} = {DDAD11B0-1D3B-4580-8F76-35B6E6557100}
		{05186586-882F-442D-8A81-531D36F9712F} = {DDAD11B0-1D3B-4580-8F76-35B6E6557100}
		{876B682A-8E6A-4FFB-BC9C-DF7E6766B817} = {14FDF8E0-9D7D-4E89-93CB-69DC5A3796F7}
		{B492607A-0EDD-418B-9EFC-C2B3A2AB93CF} = {5533511B-0025-45CF-95DC-9340FF606DB3}
		{A020CC87-5248-4E81-9A7C-020007128BF4} = {5533511B-0025-45CF-95DC-9340FF606DB3}
		{075D0552-D9A0-470C-A6A0-0357BF956FE3} = {5533511B-0025-45CF-95DC-9340FF606DB3}
		{E26BC89B-3B66-4E96-8FE2-655BD10CFB1B} = {CAEF2770-E4C8-4D5B-9F6D-A87792A95A15}
		{022EDA6A-0B76-44C3-A530-8312C1B40030} = {CAEF2770-E4C8-4D5B-9F6D-A87792A95A15}
		{DB81988F-E0F2-45A0-A1FD-8C37F3D35244} = {CAEF2770-E4C8-4D5B-9F6D-A87792A95A15}
		{72E591D6-8F83-4D8C-8F67-9C325E623234} = {CAEF2770-E4C8-4D5B-9F6D-A87792A95A15}
		{8CA68106-0B61-4876-B31A-8A127D550945} = {A0E642EC-820A-4C80-A316-18A92C3446BA}
		{29C78BF1-D107-43E7-925E-014564BE3B4C} = {A0E642EC-820A-4C80-A316-18A92C3446BA}
		{5DC86BBF-AFA1-49B0-80DD-6E06326A82AA} = {8CA68106-0B61-4876-B31A-8A127D550945}
		{C21FCEF7-D700-42F9-AEE9-8CB87F7B0876} = {8CA68106-0B61-4876-B31A-8A127D550945}
		{CC156CC6-36F4-44D4-B564-5DA9FACE7AD1} = {5DC86BBF-AFA1-49B0-80DD-6E06326A82AA}
		{6CEA883A-6CA6-4661-9F68-43A92BE1DDC6} = {C21FCEF7-D700-42F9-AEE9-8CB87F7B0876}
		{51D4C9CE-CBEF-421F-A177-CA71DFDAB41D} = {29C78BF1-D107-43E7-925E-014564BE3B4C}
		{EB5CB589-540E-4D8F-9B68-CC9E7D2C6CD1} = {CB3CB81A-EFA5-41DD-98FC-1A600AD479D5}
		{C5381910-8A6E-48B3-97B8-7AA917540A29} = {65E98373-1584-4D49-8FD8-29BA326C1F31}
	EndGlobalSection
EndGlobal
